
Microsoft Visual Studio Solution File, Format Version 12.00
# Visual Studio Version 17
VisualStudioVersion = 17.5.33326.253
MinimumVisualStudioVersion = 10.0.40219.1
Project("{FAE04EC0-301F-11D3-BF4B-00C04F79EFBC}") = "Jubilations", "Jubilations\Jubilations.csproj", "{8726E7D3-F2FD-4A26-BACD-CEE23ECD6968}"
EndProject
Global
	GlobalSection(SolutionConfigurationPlatforms) = preSolution
		Debug|Any CPU = Debug|Any CPU
		Release|Any CPU = Release|Any CPU
	EndGlobalSection
	GlobalSection(ProjectConfigurationPlatforms) = postSolution
		{8726E7D3-F2FD-4A26-BACD-CEE23ECD6968}.Debug|Any CPU.ActiveCfg = Debug|Any CPU
		{8726E7D3-F2FD-4A26-BACD-CEE23ECD6968}.Debug|Any CPU.Build.0 = Debug|Any CPU
		{8726E7D3-F2FD-4A26-BACD-CEE23ECD6968}.Release|Any CPU.ActiveCfg = Release|Any CPU
		{8726E7D3-F2FD-4A26-BACD-CEE23ECD6968}.Release|Any CPU.Build.0 = Release|Any CPU
	EndGlobalSection
	GlobalSection(SolutionProperties) = preSolution
		HideSolutionNode = FALSE
	EndGlobalSection
	GlobalSection(ExtensibilityGlobals) = postSolution
		SolutionGuid = {E6B5D16F-A48F-4639-B816-B8C8BCB41424}
	EndGlobalSection
EndGlobal
